
Microsoft Visual Studio Solution File, Format Version 12.00
# Visual Studio Version 17
VisualStudioVersion = 17.8.34511.84
MinimumVisualStudioVersion = 10.0.40219.1
Project("{9A19103F-16F7-4668-BE54-9A1E7A4F7556}") = "Supplier-backend", "Supplier-backend\Supplier-backend.csproj", "{22450B27-E8B9-4855-AEDA-BBA3BC440E4A}"
EndProject
Project("{FAE04EC0-301F-11D3-BF4B-00C04F79EFBC}") = "TechFix-backend", "TechFix-backend\TechFix-backend.csproj", "{78D05DB6-36DD-402F-BCED-2B56BC289B5F}"
EndProject
Global
	GlobalSection(SolutionConfigurationPlatforms) = preSolution
		Debug|Any CPU = Debug|Any CPU
		Release|Any CPU = Release|Any CPU
	EndGlobalSection
	GlobalSection(ProjectConfigurationPlatforms) = postSolution
		{22450B27-E8B9-4855-AEDA-BBA3BC440E4A}.Debug|Any CPU.ActiveCfg = Debug|Any CPU
		{22450B27-E8B9-4855-AEDA-BBA3BC440E4A}.Debug|Any CPU.Build.0 = Debug|Any CPU
		{22450B27-E8B9-4855-AEDA-BBA3BC440E4A}.Release|Any CPU.ActiveCfg = Release|Any CPU
		{22450B27-E8B9-4855-AEDA-BBA3BC440E4A}.Release|Any CPU.Build.0 = Release|Any CPU
		{78D05DB6-36DD-402F-BCED-2B56BC289B5F}.Debug|Any CPU.ActiveCfg = Debug|Any CPU
		{78D05DB6-36DD-402F-BCED-2B56BC289B5F}.Debug|Any CPU.Build.0 = Debug|Any CPU
		{78D05DB6-36DD-402F-BCED-2B56BC289B5F}.Release|Any CPU.ActiveCfg = Release|Any CPU
		{78D05DB6-36DD-402F-BCED-2B56BC289B5F}.Release|Any CPU.Build.0 = Release|Any CPU
	EndGlobalSection
	GlobalSection(SolutionProperties) = preSolution
		HideSolutionNode = FALSE
	EndGlobalSection
	GlobalSection(ExtensibilityGlobals) = postSolution
		SolutionGuid = {23743463-DCB4-4EC7-ADF2-2615D2F429EF}
	EndGlobalSection
EndGlobal
